{
  "name": "@saweerasekara/adf-id",
  "version": "1.0.3",
  "lockfileVersion": 3,
  "requires": true,
  "packages": {
    "": {
      "name": "@saweerasekara/adf-id",
      "version": "1.0.3",
      "license": "ISC",
      "dependencies": {
        "adf-id": "^1.0.3"
      },
      "devDependencies": {}
    },
    "node_modules/adf-id": {
      "version": "1.0.3",
      "resolved": "https://registry.npmjs.org/adf-id/-/adf-id-1.0.3.tgz",
      "integrity": "sha512-gk25QAVmtVNAm44hnVhKWkcCFuK5sLRUQlFkUVUJY+fkvYdk/JLmx9cAN5JMCtGw91ge4SmgUJ85mMgl1+1Aow=="
    }
  }
}
